
Microsoft Visual Studio Solution File, Format Version 12.00
# Visual Studio Version 17
VisualStudioVersion = 17.5.33209.295
MinimumVisualStudioVersion = 10.0.40219.1
Project("{FAE04EC0-301F-11D3-BF4B-00C04F79EFBC}") = "TeamGenerator", "TeamGenerator\TeamGenerator.csproj", "{5DA92E44-DE54-46B8-A9FE-FDCD7A200A19}"
EndProject
Global
	GlobalSection(SolutionConfigurationPlatforms) = preSolution
		Debug|Any CPU = Debug|Any CPU
		Release|Any CPU = Release|Any CPU
	EndGlobalSection
	GlobalSection(ProjectConfigurationPlatforms) = postSolution
		{5DA92E44-DE54-46B8-A9FE-FDCD7A200A19}.Debug|Any CPU.ActiveCfg = Debug|Any CPU
		{5DA92E44-DE54-46B8-A9FE-FDCD7A200A19}.Debug|Any CPU.Build.0 = Debug|Any CPU
		{5DA92E44-DE54-46B8-A9FE-FDCD7A200A19}.Release|Any CPU.ActiveCfg = Release|Any CPU
		{5DA92E44-DE54-46B8-A9FE-FDCD7A200A19}.Release|Any CPU.Build.0 = Release|Any CPU
	EndGlobalSection
	GlobalSection(SolutionProperties) = preSolution
		HideSolutionNode = FALSE
	EndGlobalSection
	GlobalSection(ExtensibilityGlobals) = postSolution
		SolutionGuid = {ADF6CA23-8619-4B1C-94C5-1FFFEFD609D3}
	EndGlobalSection
EndGlobal
